
Microsoft Visual Studio Solution File, Format Version 12.00
# Visual Studio Version 16
VisualStudioVersion = 16.0.30523.141
MinimumVisualStudioVersion = 10.0.40219.1
Project("{FAE04EC0-301F-11D3-BF4B-00C04F79EFBC}") = "WordscapesSolver", "WordscapesSolver\WordscapesSolver.csproj", "{B35D863C-11F9-44E2-AF4B-B2BD1824F71B}"
EndProject
Project("{9A19103F-16F7-4668-BE54-9A1E7A4F7556}") = "ServiceWrapper", "ServiceWrapper\ServiceWrapper.csproj", "{329BAFCD-6D22-4C5B-875C-254AB203C2C7}"
EndProject
Project("{FAE04EC0-301F-11D3-BF4B-00C04F79EFBC}") = "Wscapes.OCR.Tests", "Wscapes.OCR.Tests\Wscapes.OCR.Tests.csproj", "{8F804EA4-CEA7-4F6F-AAB7-84AE6EAC6739}"
EndProject
Project("{FAE04EC0-301F-11D3-BF4B-00C04F79EFBC}") = "Wscapes.DAL", "Wscapes.DAL\Wscapes.DAL.csproj", "{26FB9717-68A6-4D7C-ABD5-B9566272A4C1}"
EndProject
Global
	GlobalSection(SolutionConfigurationPlatforms) = preSolution
		Debug|Any CPU = Debug|Any CPU
		Debug|ARM = Debug|ARM
		Debug|ARM64 = Debug|ARM64
		Debug|x64 = Debug|x64
		Debug|x86 = Debug|x86
		Release|Any CPU = Release|Any CPU
		Release|ARM = Release|ARM
		Release|ARM64 = Release|ARM64
		Release|x64 = Release|x64
		Release|x86 = Release|x86
	EndGlobalSection
	GlobalSection(ProjectConfigurationPlatforms) = postSolution
		{B35D863C-11F9-44E2-AF4B-B2BD1824F71B}.Debug|Any CPU.ActiveCfg = Debug|Any CPU
		{B35D863C-11F9-44E2-AF4B-B2BD1824F71B}.Debug|Any CPU.Build.0 = Debug|Any CPU
		{B35D863C-11F9-44E2-AF4B-B2BD1824F71B}.Debug|ARM.ActiveCfg = Debug|Any CPU
		{B35D863C-11F9-44E2-AF4B-B2BD1824F71B}.Debug|ARM.Build.0 = Debug|Any CPU
		{B35D863C-11F9-44E2-AF4B-B2BD1824F71B}.Debug|ARM64.ActiveCfg = Debug|Any CPU
		{B35D863C-11F9-44E2-AF4B-B2BD1824F71B}.Debug|ARM64.Build.0 = Debug|Any CPU
		{B35D863C-11F9-44E2-AF4B-B2BD1824F71B}.Debug|x64.ActiveCfg = Debug|Any CPU
		{B35D863C-11F9-44E2-AF4B-B2BD1824F71B}.Debug|x64.Build.0 = Debug|Any CPU
		{B35D863C-11F9-44E2-AF4B-B2BD1824F71B}.Debug|x86.ActiveCfg = Debug|Any CPU
		{B35D863C-11F9-44E2-AF4B-B2BD1824F71B}.Debug|x86.Build.0 = Debug|Any CPU
		{B35D863C-11F9-44E2-AF4B-B2BD1824F71B}.Release|Any CPU.ActiveCfg = Release|Any CPU
		{B35D863C-11F9-44E2-AF4B-B2BD1824F71B}.Release|Any CPU.Build.0 = Release|Any CPU
		{B35D863C-11F9-44E2-AF4B-B2BD1824F71B}.Release|ARM.ActiveCfg = Release|Any CPU
		{B35D863C-11F9-44E2-AF4B-B2BD1824F71B}.Release|ARM.Build.0 = Release|Any CPU
		{B35D863C-11F9-44E2-AF4B-B2BD1824F71B}.Release|ARM64.ActiveCfg = Release|Any CPU
		{B35D863C-11F9-44E2-AF4B-B2BD1824F71B}.Release|ARM64.Build.0 = Release|Any CPU
		{B35D863C-11F9-44E2-AF4B-B2BD1824F71B}.Release|x64.ActiveCfg = Release|Any CPU
		{B35D863C-11F9-44E2-AF4B-B2BD1824F71B}.Release|x64.Build.0 = Release|Any CPU
		{B35D863C-11F9-44E2-AF4B-B2BD1824F71B}.Release|x86.ActiveCfg = Release|Any CPU
		{B35D863C-11F9-44E2-AF4B-B2BD1824F71B}.Release|x86.Build.0 = Release|Any CPU
		{329BAFCD-6D22-4C5B-875C-254AB203C2C7}.Debug|Any CPU.ActiveCfg = Debug|Any CPU
		{329BAFCD-6D22-4C5B-875C-254AB203C2C7}.Debug|Any CPU.Build.0 = Debug|Any CPU
		{329BAFCD-6D22-4C5B-875C-254AB203C2C7}.Debug|ARM.ActiveCfg = Debug|Any CPU
		{329BAFCD-6D22-4C5B-875C-254AB203C2C7}.Debug|ARM.Build.0 = Debug|Any CPU
		{329BAFCD-6D22-4C5B-875C-254AB203C2C7}.Debug|ARM64.ActiveCfg = Debug|Any CPU
		{329BAFCD-6D22-4C5B-875C-254AB203C2C7}.Debug|ARM64.Build.0 = Debug|Any CPU
		{329BAFCD-6D22-4C5B-875C-254AB203C2C7}.Debug|x64.ActiveCfg = Debug|Any CPU
		{329BAFCD-6D22-4C5B-875C-254AB203C2C7}.Debug|x64.Build.0 = Debug|Any CPU
		{329BAFCD-6D22-4C5B-875C-254AB203C2C7}.Debug|x86.ActiveCfg = Debug|Any CPU
		{329BAFCD-6D22-4C5B-875C-254AB203C2C7}.Debug|x86.Build.0 = Debug|Any CPU
		{329BAFCD-6D22-4C5B-875C-254AB203C2C7}.Release|Any CPU.ActiveCfg = Release|Any CPU
		{329BAFCD-6D22-4C5B-875C-254AB203C2C7}.Release|Any CPU.Build.0 = Release|Any CPU
		{329BAFCD-6D22-4C5B-875C-254AB203C2C7}.Release|ARM.ActiveCfg = Release|Any CPU
		{329BAFCD-6D22-4C5B-875C-254AB203C2C7}.Release|ARM.Build.0 = Release|Any CPU
		{329BAFCD-6D22-4C5B-875C-254AB203C2C7}.Release|ARM64.ActiveCfg = Release|Any CPU
		{329BAFCD-6D22-4C5B-875C-254AB203C2C7}.Release|ARM64.Build.0 = Release|Any CPU
		{329BAFCD-6D22-4C5B-875C-254AB203C2C7}.Release|x64.ActiveCfg = Release|Any CPU
		{329BAFCD-6D22-4C5B-875C-254AB203C2C7}.Release|x64.Build.0 = Release|Any CPU
		{329BAFCD-6D22-4C5B-875C-254AB203C2C7}.Release|x86.ActiveCfg = Release|Any CPU
		{329BAFCD-6D22-4C5B-875C-254AB203C2C7}.Release|x86.Build.0 = Release|Any CPU
		{8F804EA4-CEA7-4F6F-AAB7-84AE6EAC6739}.Debug|Any CPU.ActiveCfg = Debug|Any CPU
		{8F804EA4-CEA7-4F6F-AAB7-84AE6EAC6739}.Debug|Any CPU.Build.0 = Debug|Any CPU
		{8F804EA4-CEA7-4F6F-AAB7-84AE6EAC6739}.Debug|ARM.ActiveCfg = Debug|Any CPU
		{8F804EA4-CEA7-4F6F-AAB7-84AE6EAC6739}.Debug|ARM.Build.0 = Debug|Any CPU
		{8F804EA4-CEA7-4F6F-AAB7-84AE6EAC6739}.Debug|ARM64.ActiveCfg = Debug|Any CPU
		{8F804EA4-CEA7-4F6F-AAB7-84AE6EAC6739}.Debug|ARM64.Build.0 = Debug|Any CPU
		{8F804EA4-CEA7-4F6F-AAB7-84AE6EAC6739}.Debug|x64.ActiveCfg = Debug|Any CPU
		{8F804EA4-CEA7-4F6F-AAB7-84AE6EAC6739}.Debug|x64.Build.0 = Debug|Any CPU
		{8F804EA4-CEA7-4F6F-AAB7-84AE6EAC6739}.Debug|x86.ActiveCfg = Debug|Any CPU
		{8F804EA4-CEA7-4F6F-AAB7-84AE6EAC6739}.Debug|x86.Build.0 = Debug|Any CPU
		{8F804EA4-CEA7-4F6F-AAB7-84AE6EAC6739}.Release|Any CPU.ActiveCfg = Release|Any CPU
		{8F804EA4-CEA7-4F6F-AAB7-84AE6EAC6739}.Release|Any CPU.Build.0 = Release|Any CPU
		{8F804EA4-CEA7-4F6F-AAB7-84AE6EAC6739}.Release|ARM.ActiveCfg = Release|Any CPU
		{8F804EA4-CEA7-4F6F-AAB7-84AE6EAC6739}.Release|ARM.Build.0 = Release|Any CPU
		{8F804EA4-CEA7-4F6F-AAB7-84AE6EAC6739}.Release|ARM64.ActiveCfg = Release|Any CPU
		{8F804EA4-CEA7-4F6F-AAB7-84AE6EAC6739}.Release|ARM64.Build.0 = Release|Any CPU
		{8F804EA4-CEA7-4F6F-AAB7-84AE6EAC6739}.Release|x64.ActiveCfg = Release|Any CPU
		{8F804EA4-CEA7-4F6F-AAB7-84AE6EAC6739}.Release|x64.Build.0 = Release|Any CPU
		{8F804EA4-CEA7-4F6F-AAB7-84AE6EAC6739}.Release|x86.ActiveCfg = Release|Any CPU
		{8F804EA4-CEA7-4F6F-AAB7-84AE6EAC6739}.Release|x86.Build.0 = Release|Any CPU
		{26FB9717-68A6-4D7C-ABD5-B9566272A4C1}.Debug|Any CPU.ActiveCfg = Debug|Any CPU
		{26FB9717-68A6-4D7C-ABD5-B9566272A4C1}.Debug|Any CPU.Build.0 = Debug|Any CPU
		{26FB9717-68A6-4D7C-ABD5-B9566272A4C1}.Debug|ARM.ActiveCfg = Debug|Any CPU
		{26FB9717-68A6-4D7C-ABD5-B9566272A4C1}.Debug|ARM.Build.0 = Debug|Any CPU
		{26FB9717-68A6-4D7C-ABD5-B9566272A4C1}.Debug|ARM64.ActiveCfg = Debug|Any CPU
		{26FB9717-68A6-4D7C-ABD5-B9566272A4C1}.Debug|ARM64.Build.0 = Debug|Any CPU
		{26FB9717-68A6-4D7C-ABD5-B9566272A4C1}.Debug|x64.ActiveCfg = Debug|Any CPU
		{26FB9717-68A6-4D7C-ABD5-B9566272A4C1}.Debug|x64.Build.0 = Debug|Any CPU
		{26FB9717-68A6-4D7C-ABD5-B9566272A4C1}.Debug|x86.ActiveCfg = Debug|Any CPU
		{26FB9717-68A6-4D7C-ABD5-B9566272A4C1}.Debug|x86.Build.0 = Debug|Any CPU
		{26FB9717-68A6-4D7C-ABD5-B9566272A4C1}.Release|Any CPU.ActiveCfg = Release|Any CPU
		{26FB9717-68A6-4D7C-ABD5-B9566272A4C1}.Release|Any CPU.Build.0 = Release|Any CPU
		{26FB9717-68A6-4D7C-ABD5-B9566272A4C1}.Release|ARM.ActiveCfg = Release|Any CPU
		{26FB9717-68A6-4D7C-ABD5-B9566272A4C1}.Release|ARM.Build.0 = Release|Any CPU
		{26FB9717-68A6-4D7C-ABD5-B9566272A4C1}.Release|ARM64.ActiveCfg = Release|Any CPU
		{26FB9717-68A6-4D7C-ABD5-B9566272A4C1}.Release|ARM64.Build.0 = Release|Any CPU
		{26FB9717-68A6-4D7C-ABD5-B9566272A4C1}.Release|x64.ActiveCfg = Release|Any CPU
		{26FB9717-68A6-4D7C-ABD5-B9566272A4C1}.Release|x64.Build.0 = Release|Any CPU
		{26FB9717-68A6-4D7C-ABD5-B9566272A4C1}.Release|x86.ActiveCfg = Release|Any CPU
		{26FB9717-68A6-4D7C-ABD5-B9566272A4C1}.Release|x86.Build.0 = Release|Any CPU
	EndGlobalSection
	GlobalSection(SolutionProperties) = preSolution
		HideSolutionNode = FALSE
	EndGlobalSection
	GlobalSection(ExtensibilityGlobals) = postSolution
		SolutionGuid = {5FE0E701-14AC-464E-BCAC-2B033D0CE98F}
	EndGlobalSection
EndGlobal
