
Microsoft Visual Studio Solution File, Format Version 12.00
# Visual Studio Version 16
VisualStudioVersion = 16.0.30523.141
MinimumVisualStudioVersion = 10.0.40219.1
Project("{FAE04EC0-301F-11D3-BF4B-00C04F79EFBC}") = "WordscapesSolver", "WordscapesSolver\WordscapesSolver.csproj", "{B35D863C-11F9-44E2-AF4B-B2BD1824F71B}"
EndProject
Project("{9A19103F-16F7-4668-BE54-9A1E7A4F7556}") = "ServiceWrapper", "ServiceWrapper\ServiceWrapper.csproj", "{329BAFCD-6D22-4C5B-875C-254AB203C2C7}"
EndProject
Project("{FAE04EC0-301F-11D3-BF4B-00C04F79EFBC}") = "Wscapes.OCR.Tests", "Wscapes.OCR.Tests\Wscapes.OCR.Tests.csproj", "{8F804EA4-CEA7-4F6F-AAB7-84AE6EAC6739}"
EndProject
Global
	GlobalSection(SolutionConfigurationPlatforms) = preSolution
		Debug|Any CPU = Debug|Any CPU
		Release|Any CPU = Release|Any CPU
	EndGlobalSection
	GlobalSection(ProjectConfigurationPlatforms) = postSolution
		{B35D863C-11F9-44E2-AF4B-B2BD1824F71B}.Debug|Any CPU.ActiveCfg = Debug|Any CPU
		{B35D863C-11F9-44E2-AF4B-B2BD1824F71B}.Debug|Any CPU.Build.0 = Debug|Any CPU
		{B35D863C-11F9-44E2-AF4B-B2BD1824F71B}.Release|Any CPU.ActiveCfg = Release|Any CPU
		{B35D863C-11F9-44E2-AF4B-B2BD1824F71B}.Release|Any CPU.Build.0 = Release|Any CPU
		{329BAFCD-6D22-4C5B-875C-254AB203C2C7}.Debug|Any CPU.ActiveCfg = Debug|Any CPU
		{329BAFCD-6D22-4C5B-875C-254AB203C2C7}.Debug|Any CPU.Build.0 = Debug|Any CPU
		{329BAFCD-6D22-4C5B-875C-254AB203C2C7}.Release|Any CPU.ActiveCfg = Release|Any CPU
		{329BAFCD-6D22-4C5B-875C-254AB203C2C7}.Release|Any CPU.Build.0 = Release|Any CPU
		{8F804EA4-CEA7-4F6F-AAB7-84AE6EAC6739}.Debug|Any CPU.ActiveCfg = Debug|Any CPU
		{8F804EA4-CEA7-4F6F-AAB7-84AE6EAC6739}.Debug|Any CPU.Build.0 = Debug|Any CPU
		{8F804EA4-CEA7-4F6F-AAB7-84AE6EAC6739}.Release|Any CPU.ActiveCfg = Release|Any CPU
		{8F804EA4-CEA7-4F6F-AAB7-84AE6EAC6739}.Release|Any CPU.Build.0 = Release|Any CPU
	EndGlobalSection
	GlobalSection(SolutionProperties) = preSolution
		HideSolutionNode = FALSE
	EndGlobalSection
	GlobalSection(ExtensibilityGlobals) = postSolution
		SolutionGuid = {5FE0E701-14AC-464E-BCAC-2B033D0CE98F}
	EndGlobalSection
EndGlobal
